
Microsoft Visual Studio Solution File, Format Version 12.00
# Visual Studio 15
VisualStudioVersion = 15.0.26430.6
MinimumVisualStudioVersion = 10.0.40219.1
Project("{FAE04EC0-301F-11D3-BF4B-00C04F79EFBC}") = "SocialLoginMaratona.Android", "SocialLoginMaratona\SocialLoginMaratona.Android\SocialLoginMaratona.Android.csproj", "{2ACA8639-315B-45AB-9B54-93325B281726}"
EndProject
Project("{FAE04EC0-301F-11D3-BF4B-00C04F79EFBC}") = "SocialLoginMaratona", "SocialLoginMaratona\SocialLoginMaratona\SocialLoginMaratona.csproj", "{0FEC4E69-52CC-4498-826C-31AFA17104C5}"
EndProject
Project("{FAE04EC0-301F-11D3-BF4B-00C04F79EFBC}") = "SocialLoginMaratona.UWP", "SocialLoginMaratona\SocialLoginMaratona.UWP\SocialLoginMaratona.UWP.csproj", "{118B6A4A-760B-448E-BA9A-8ED702DD9F0C}"
EndProject
Project("{FAE04EC0-301F-11D3-BF4B-00C04F79EFBC}") = "SocialLoginMaratona.iOS", "SocialLoginMaratona\SocialLoginMaratona.iOS\SocialLoginMaratona.iOS.csproj", "{229046FC-9A16-46C1-9EA5-5117C49A1335}"
EndProject
Global
	GlobalSection(SolutionConfigurationPlatforms) = preSolution
		Ad-Hoc|Any CPU = Ad-Hoc|Any CPU
		Ad-Hoc|ARM = Ad-Hoc|ARM
		Ad-Hoc|iPhone = Ad-Hoc|iPhone
		Ad-Hoc|iPhoneSimulator = Ad-Hoc|iPhoneSimulator
		Ad-Hoc|x64 = Ad-Hoc|x64
		Ad-Hoc|x86 = Ad-Hoc|x86
		AppStore|Any CPU = AppStore|Any CPU
		AppStore|ARM = AppStore|ARM
		AppStore|iPhone = AppStore|iPhone
		AppStore|iPhoneSimulator = AppStore|iPhoneSimulator
		AppStore|x64 = AppStore|x64
		AppStore|x86 = AppStore|x86
		Debug|Any CPU = Debug|Any CPU
		Debug|ARM = Debug|ARM
		Debug|iPhone = Debug|iPhone
		Debug|iPhoneSimulator = Debug|iPhoneSimulator
		Debug|x64 = Debug|x64
		Debug|x86 = Debug|x86
		Release|Any CPU = Release|Any CPU
		Release|ARM = Release|ARM
		Release|iPhone = Release|iPhone
		Release|iPhoneSimulator = Release|iPhoneSimulator
		Release|x64 = Release|x64
		Release|x86 = Release|x86
	EndGlobalSection
	GlobalSection(ProjectConfigurationPlatforms) = postSolution
		{2ACA8639-315B-45AB-9B54-93325B281726}.Ad-Hoc|Any CPU.ActiveCfg = Release|Any CPU
		{2ACA8639-315B-45AB-9B54-93325B281726}.Ad-Hoc|Any CPU.Build.0 = Release|Any CPU
		{2ACA8639-315B-45AB-9B54-93325B281726}.Ad-Hoc|Any CPU.Deploy.0 = Release|Any CPU
		{2ACA8639-315B-45AB-9B54-93325B281726}.Ad-Hoc|ARM.ActiveCfg = Release|Any CPU
		{2ACA8639-315B-45AB-9B54-93325B281726}.Ad-Hoc|ARM.Build.0 = Release|Any CPU
		{2ACA8639-315B-45AB-9B54-93325B281726}.Ad-Hoc|ARM.Deploy.0 = Release|Any CPU
		{2ACA8639-315B-45AB-9B54-93325B281726}.Ad-Hoc|iPhone.ActiveCfg = Release|Any CPU
		{2ACA8639-315B-45AB-9B54-93325B281726}.Ad-Hoc|iPhone.Build.0 = Release|Any CPU
		{2ACA8639-315B-45AB-9B54-93325B281726}.Ad-Hoc|iPhone.Deploy.0 = Release|Any CPU
		{2ACA8639-315B-45AB-9B54-93325B281726}.Ad-Hoc|iPhoneSimulator.ActiveCfg = Release|Any CPU
		{2ACA8639-315B-45AB-9B54-93325B281726}.Ad-Hoc|iPhoneSimulator.Build.0 = Release|Any CPU
		{2ACA8639-315B-45AB-9B54-93325B281726}.Ad-Hoc|iPhoneSimulator.Deploy.0 = Release|Any CPU
		{2ACA8639-315B-45AB-9B54-93325B281726}.Ad-Hoc|x64.ActiveCfg = Release|Any CPU
		{2ACA8639-315B-45AB-9B54-93325B281726}.Ad-Hoc|x64.Build.0 = Release|Any CPU
		{2ACA8639-315B-45AB-9B54-93325B281726}.Ad-Hoc|x64.Deploy.0 = Release|Any CPU
		{2ACA8639-315B-45AB-9B54-93325B281726}.Ad-Hoc|x86.ActiveCfg = Release|Any CPU
		{2ACA8639-315B-45AB-9B54-93325B281726}.Ad-Hoc|x86.Build.0 = Release|Any CPU
		{2ACA8639-315B-45AB-9B54-93325B281726}.Ad-Hoc|x86.Deploy.0 = Release|Any CPU
		{2ACA8639-315B-45AB-9B54-93325B281726}.AppStore|Any CPU.ActiveCfg = Release|Any CPU
		{2ACA8639-315B-45AB-9B54-93325B281726}.AppStore|Any CPU.Build.0 = Release|Any CPU
		{2ACA8639-315B-45AB-9B54-93325B281726}.AppStore|Any CPU.Deploy.0 = Release|Any CPU
		{2ACA8639-315B-45AB-9B54-93325B281726}.AppStore|ARM.ActiveCfg = Release|Any CPU
		{2ACA8639-315B-45AB-9B54-93325B281726}.AppStore|ARM.Build.0 = Release|Any CPU
		{2ACA8639-315B-45AB-9B54-93325B281726}.AppStore|ARM.Deploy.0 = Release|Any CPU
		{2ACA8639-315B-45AB-9B54-93325B281726}.AppStore|iPhone.ActiveCfg = Release|Any CPU
		{2ACA8639-315B-45AB-9B54-93325B281726}.AppStore|iPhone.Build.0 = Release|Any CPU
		{2ACA8639-315B-45AB-9B54-93325B281726}.AppStore|iPhone.Deploy.0 = Release|Any CPU
		{2ACA8639-315B-45AB-9B54-93325B281726}.AppStore|iPhoneSimulator.ActiveCfg = Release|Any CPU
		{2ACA8639-315B-45AB-9B54-93325B281726}.AppStore|iPhoneSimulator.Build.0 = Release|Any CPU
		{2ACA8639-315B-45AB-9B54-93325B281726}.AppStore|iPhoneSimulator.Deploy.0 = Release|Any CPU
		{2ACA8639-315B-45AB-9B54-93325B281726}.AppStore|x64.ActiveCfg = Release|Any CPU
		{2ACA8639-315B-45AB-9B54-93325B281726}.AppStore|x64.Build.0 = Release|Any CPU
		{2ACA8639-315B-45AB-9B54-93325B281726}.AppStore|x64.Deploy.0 = Release|Any CPU
		{2ACA8639-315B-45AB-9B54-93325B281726}.AppStore|x86.ActiveCfg = Release|Any CPU
		{2ACA8639-315B-45AB-9B54-93325B281726}.AppStore|x86.Build.0 = Release|Any CPU
		{2ACA8639-315B-45AB-9B54-93325B281726}.AppStore|x86.Deploy.0 = Release|Any CPU
		{2ACA8639-315B-45AB-9B54-93325B281726}.Debug|Any CPU.ActiveCfg = Debug|Any CPU
		{2ACA8639-315B-45AB-9B54-93325B281726}.Debug|Any CPU.Build.0 = Debug|Any CPU
		{2ACA8639-315B-45AB-9B54-93325B281726}.Debug|Any CPU.Deploy.0 = Debug|Any CPU
		{2ACA8639-315B-45AB-9B54-93325B281726}.Debug|ARM.ActiveCfg = Debug|Any CPU
		{2ACA8639-315B-45AB-9B54-93325B281726}.Debug|ARM.Build.0 = Debug|Any CPU
		{2ACA8639-315B-45AB-9B54-93325B281726}.Debug|ARM.Deploy.0 = Debug|Any CPU
		{2ACA8639-315B-45AB-9B54-93325B281726}.Debug|iPhone.ActiveCfg = Debug|Any CPU
		{2ACA8639-315B-45AB-9B54-93325B281726}.Debug|iPhone.Build.0 = Debug|Any CPU
		{2ACA8639-315B-45AB-9B54-93325B281726}.Debug|iPhone.Deploy.0 = Debug|Any CPU
		{2ACA8639-315B-45AB-9B54-93325B281726}.Debug|iPhoneSimulator.ActiveCfg = Debug|Any CPU
		{2ACA8639-315B-45AB-9B54-93325B281726}.Debug|iPhoneSimulator.Build.0 = Debug|Any CPU
		{2ACA8639-315B-45AB-9B54-93325B281726}.Debug|iPhoneSimulator.Deploy.0 = Debug|Any CPU
		{2ACA8639-315B-45AB-9B54-93325B281726}.Debug|x64.ActiveCfg = Debug|Any CPU
		{2ACA8639-315B-45AB-9B54-93325B281726}.Debug|x64.Build.0 = Debug|Any CPU
		{2ACA8639-315B-45AB-9B54-93325B281726}.Debug|x64.Deploy.0 = Debug|Any CPU
		{2ACA8639-315B-45AB-9B54-93325B281726}.Debug|x86.ActiveCfg = Debug|Any CPU
		{2ACA8639-315B-45AB-9B54-93325B281726}.Debug|x86.Build.0 = Debug|Any CPU
		{2ACA8639-315B-45AB-9B54-93325B281726}.Debug|x86.Deploy.0 = Debug|Any CPU
		{2ACA8639-315B-45AB-9B54-93325B281726}.Release|Any CPU.ActiveCfg = Release|Any CPU
		{2ACA8639-315B-45AB-9B54-93325B281726}.Release|Any CPU.Build.0 = Release|Any CPU
		{2ACA8639-315B-45AB-9B54-93325B281726}.Release|Any CPU.Deploy.0 = Release|Any CPU
		{2ACA8639-315B-45AB-9B54-93325B281726}.Release|ARM.ActiveCfg = Release|Any CPU
		{2ACA8639-315B-45AB-9B54-93325B281726}.Release|ARM.Build.0 = Release|Any CPU
		{2ACA8639-315B-45AB-9B54-93325B281726}.Release|ARM.Deploy.0 = Release|Any CPU
		{2ACA8639-315B-45AB-9B54-93325B281726}.Release|iPhone.ActiveCfg = Release|Any CPU
		{2ACA8639-315B-45AB-9B54-93325B281726}.Release|iPhone.Build.0 = Release|Any CPU
		{2ACA8639-315B-45AB-9B54-93325B281726}.Release|iPhone.Deploy.0 = Release|Any CPU
		{2ACA8639-315B-45AB-9B54-93325B281726}.Release|iPhoneSimulator.ActiveCfg = Release|Any CPU
		{2ACA8639-315B-45AB-9B54-93325B281726}.Release|iPhoneSimulator.Build.0 = Release|Any CPU
		{2ACA8639-315B-45AB-9B54-93325B281726}.Release|iPhoneSimulator.Deploy.0 = Release|Any CPU
		{2ACA8639-315B-45AB-9B54-93325B281726}.Release|x64.ActiveCfg = Release|Any CPU
		{2ACA8639-315B-45AB-9B54-93325B281726}.Release|x64.Build.0 = Release|Any CPU
		{2ACA8639-315B-45AB-9B54-93325B281726}.Release|x64.Deploy.0 = Release|Any CPU
		{2ACA8639-315B-45AB-9B54-93325B281726}.Release|x86.ActiveCfg = Release|Any CPU
		{2ACA8639-315B-45AB-9B54-93325B281726}.Release|x86.Build.0 = Release|Any CPU
		{2ACA8639-315B-45AB-9B54-93325B281726}.Release|x86.Deploy.0 = Release|Any CPU
		{0FEC4E69-52CC-4498-826C-31AFA17104C5}.Ad-Hoc|Any CPU.ActiveCfg = Release|Any CPU
		{0FEC4E69-52CC-4498-826C-31AFA17104C5}.Ad-Hoc|Any CPU.Build.0 = Release|Any CPU
		{0FEC4E69-52CC-4498-826C-31AFA17104C5}.Ad-Hoc|ARM.ActiveCfg = Release|Any CPU
		{0FEC4E69-52CC-4498-826C-31AFA17104C5}.Ad-Hoc|ARM.Build.0 = Release|Any CPU
		{0FEC4E69-52CC-4498-826C-31AFA17104C5}.Ad-Hoc|iPhone.ActiveCfg = Release|Any CPU
		{0FEC4E69-52CC-4498-826C-31AFA17104C5}.Ad-Hoc|iPhone.Build.0 = Release|Any CPU
		{0FEC4E69-52CC-4498-826C-31AFA17104C5}.Ad-Hoc|iPhoneSimulator.ActiveCfg = Release|Any CPU
		{0FEC4E69-52CC-4498-826C-31AFA17104C5}.Ad-Hoc|iPhoneSimulator.Build.0 = Release|Any CPU
		{0FEC4E69-52CC-4498-826C-31AFA17104C5}.Ad-Hoc|x64.ActiveCfg = Release|Any CPU
		{0FEC4E69-52CC-4498-826C-31AFA17104C5}.Ad-Hoc|x64.Build.0 = Release|Any CPU
		{0FEC4E69-52CC-4498-826C-31AFA17104C5}.Ad-Hoc|x86.ActiveCfg = Release|Any CPU
		{0FEC4E69-52CC-4498-826C-31AFA17104C5}.Ad-Hoc|x86.Build.0 = Release|Any CPU
		{0FEC4E69-52CC-4498-826C-31AFA17104C5}.AppStore|Any CPU.ActiveCfg = Release|Any CPU
		{0FEC4E69-52CC-4498-826C-31AFA17104C5}.AppStore|Any CPU.Build.0 = Release|Any CPU
		{0FEC4E69-52CC-4498-826C-31AFA17104C5}.AppStore|ARM.ActiveCfg = Release|Any CPU
		{0FEC4E69-52CC-4498-826C-31AFA17104C5}.AppStore|ARM.Build.0 = Release|Any CPU
		{0FEC4E69-52CC-4498-826C-31AFA17104C5}.AppStore|iPhone.ActiveCfg = Release|Any CPU
		{0FEC4E69-52CC-4498-826C-31AFA17104C5}.AppStore|iPhone.Build.0 = Release|Any CPU
		{0FEC4E69-52CC-4498-826C-31AFA17104C5}.AppStore|iPhoneSimulator.ActiveCfg = Release|Any CPU
		{0FEC4E69-52CC-4498-826C-31AFA17104C5}.AppStore|iPhoneSimulator.Build.0 = Release|Any CPU
		{0FEC4E69-52CC-4498-826C-31AFA17104C5}.AppStore|x64.ActiveCfg = Release|Any CPU
		{0FEC4E69-52CC-4498-826C-31AFA17104C5}.AppStore|x64.Build.0 = Release|Any CPU
		{0FEC4E69-52CC-4498-826C-31AFA17104C5}.AppStore|x86.ActiveCfg = Release|Any CPU
		{0FEC4E69-52CC-4498-826C-31AFA17104C5}.AppStore|x86.Build.0 = Release|Any CPU
		{0FEC4E69-52CC-4498-826C-31AFA17104C5}.Debug|Any CPU.ActiveCfg = Debug|Any CPU
		{0FEC4E69-52CC-4498-826C-31AFA17104C5}.Debug|Any CPU.Build.0 = Debug|Any CPU
		{0FEC4E69-52CC-4498-826C-31AFA17104C5}.Debug|ARM.ActiveCfg = Debug|Any CPU
		{0FEC4E69-52CC-4498-826C-31AFA17104C5}.Debug|ARM.Build.0 = Debug|Any CPU
		{0FEC4E69-52CC-4498-826C-31AFA17104C5}.Debug|iPhone.ActiveCfg = Debug|Any CPU
		{0FEC4E69-52CC-4498-826C-31AFA17104C5}.Debug|iPhone.Build.0 = Debug|Any CPU
		{0FEC4E69-52CC-4498-826C-31AFA17104C5}.Debug|iPhoneSimulator.ActiveCfg = Debug|Any CPU
		{0FEC4E69-52CC-4498-826C-31AFA17104C5}.Debug|iPhoneSimulator.Build.0 = Debug|Any CPU
		{0FEC4E69-52CC-4498-826C-31AFA17104C5}.Debug|x64.ActiveCfg = Debug|Any CPU
		{0FEC4E69-52CC-4498-826C-31AFA17104C5}.Debug|x64.Build.0 = Debug|Any CPU
		{0FEC4E69-52CC-4498-826C-31AFA17104C5}.Debug|x86.ActiveCfg = Debug|Any CPU
		{0FEC4E69-52CC-4498-826C-31AFA17104C5}.Debug|x86.Build.0 = Debug|Any CPU
		{0FEC4E69-52CC-4498-826C-31AFA17104C5}.Release|Any CPU.ActiveCfg = Release|Any CPU
		{0FEC4E69-52CC-4498-826C-31AFA17104C5}.Release|Any CPU.Build.0 = Release|Any CPU
		{0FEC4E69-52CC-4498-826C-31AFA17104C5}.Release|ARM.ActiveCfg = Release|Any CPU
		{0FEC4E69-52CC-4498-826C-31AFA17104C5}.Release|ARM.Build.0 = Release|Any CPU
		{0FEC4E69-52CC-4498-826C-31AFA17104C5}.Release|iPhone.ActiveCfg = Release|Any CPU
		{0FEC4E69-52CC-4498-826C-31AFA17104C5}.Release|iPhone.Build.0 = Release|Any CPU
		{0FEC4E69-52CC-4498-826C-31AFA17104C5}.Release|iPhoneSimulator.ActiveCfg = Release|Any CPU
		{0FEC4E69-52CC-4498-826C-31AFA17104C5}.Release|iPhoneSimulator.Build.0 = Release|Any CPU
		{0FEC4E69-52CC-4498-826C-31AFA17104C5}.Release|x64.ActiveCfg = Release|Any CPU
		{0FEC4E69-52CC-4498-826C-31AFA17104C5}.Release|x64.Build.0 = Release|Any CPU
		{0FEC4E69-52CC-4498-826C-31AFA17104C5}.Release|x86.ActiveCfg = Release|Any CPU
		{0FEC4E69-52CC-4498-826C-31AFA17104C5}.Release|x86.Build.0 = Release|Any CPU
		{118B6A4A-760B-448E-BA9A-8ED702DD9F0C}.Ad-Hoc|Any CPU.ActiveCfg = Release|x86
		{118B6A4A-760B-448E-BA9A-8ED702DD9F0C}.Ad-Hoc|Any CPU.Build.0 = Release|x86
		{118B6A4A-760B-448E-BA9A-8ED702DD9F0C}.Ad-Hoc|Any CPU.Deploy.0 = Release|x86
		{118B6A4A-760B-448E-BA9A-8ED702DD9F0C}.Ad-Hoc|ARM.ActiveCfg = Release|ARM
		{118B6A4A-760B-448E-BA9A-8ED702DD9F0C}.Ad-Hoc|ARM.Build.0 = Release|ARM
		{118B6A4A-760B-448E-BA9A-8ED702DD9F0C}.Ad-Hoc|ARM.Deploy.0 = Release|ARM
		{118B6A4A-760B-448E-BA9A-8ED702DD9F0C}.Ad-Hoc|iPhone.ActiveCfg = Release|x86
		{118B6A4A-760B-448E-BA9A-8ED702DD9F0C}.Ad-Hoc|iPhone.Build.0 = Release|x86
		{118B6A4A-760B-448E-BA9A-8ED702DD9F0C}.Ad-Hoc|iPhone.Deploy.0 = Release|x86
		{118B6A4A-760B-448E-BA9A-8ED702DD9F0C}.Ad-Hoc|iPhoneSimulator.ActiveCfg = Release|x86
		{118B6A4A-760B-448E-BA9A-8ED702DD9F0C}.Ad-Hoc|iPhoneSimulator.Build.0 = Release|x86
		{118B6A4A-760B-448E-BA9A-8ED702DD9F0C}.Ad-Hoc|iPhoneSimulator.Deploy.0 = Release|x86
		{118B6A4A-760B-448E-BA9A-8ED702DD9F0C}.Ad-Hoc|x64.ActiveCfg = Release|x64
		{118B6A4A-760B-448E-BA9A-8ED702DD9F0C}.Ad-Hoc|x64.Build.0 = Release|x64
		{118B6A4A-760B-448E-BA9A-8ED702DD9F0C}.Ad-Hoc|x64.Deploy.0 = Release|x64
		{118B6A4A-760B-448E-BA9A-8ED702DD9F0C}.Ad-Hoc|x86.ActiveCfg = Release|x86
		{118B6A4A-760B-448E-BA9A-8ED702DD9F0C}.Ad-Hoc|x86.Build.0 = Release|x86
		{118B6A4A-760B-448E-BA9A-8ED702DD9F0C}.Ad-Hoc|x86.Deploy.0 = Release|x86
		{118B6A4A-760B-448E-BA9A-8ED702DD9F0C}.AppStore|Any CPU.ActiveCfg = Release|x86
		{118B6A4A-760B-448E-BA9A-8ED702DD9F0C}.AppStore|Any CPU.Build.0 = Release|x86
		{118B6A4A-760B-448E-BA9A-8ED702DD9F0C}.AppStore|Any CPU.Deploy.0 = Release|x86
		{118B6A4A-760B-448E-BA9A-8ED702DD9F0C}.AppStore|ARM.ActiveCfg = Release|ARM
		{118B6A4A-760B-448E-BA9A-8ED702DD9F0C}.AppStore|ARM.Build.0 = Release|ARM
		{118B6A4A-760B-448E-BA9A-8ED702DD9F0C}.AppStore|ARM.Deploy.0 = Release|ARM
		{118B6A4A-760B-448E-BA9A-8ED702DD9F0C}.AppStore|iPhone.ActiveCfg = Release|x86
		{118B6A4A-760B-448E-BA9A-8ED702DD9F0C}.AppStore|iPhone.Build.0 = Release|x86
		{118B6A4A-760B-448E-BA9A-8ED702DD9F0C}.AppStore|iPhone.Deploy.0 = Release|x86
		{118B6A4A-760B-448E-BA9A-8ED702DD9F0C}.AppStore|iPhoneSimulator.ActiveCfg = Release|x86
		{118B6A4A-760B-448E-BA9A-8ED702DD9F0C}.AppStore|iPhoneSimulator.Build.0 = Release|x86
		{118B6A4A-760B-448E-BA9A-8ED702DD9F0C}.AppStore|iPhoneSimulator.Deploy.0 = Release|x86
		{118B6A4A-760B-448E-BA9A-8ED702DD9F0C}.AppStore|x64.ActiveCfg = Release|x64
		{118B6A4A-760B-448E-BA9A-8ED702DD9F0C}.AppStore|x64.Build.0 = Release|x64
		{118B6A4A-760B-448E-BA9A-8ED702DD9F0C}.AppStore|x64.Deploy.0 = Release|x64
		{118B6A4A-760B-448E-BA9A-8ED702DD9F0C}.AppStore|x86.ActiveCfg = Release|x86
		{118B6A4A-760B-448E-BA9A-8ED702DD9F0C}.AppStore|x86.Build.0 = Release|x86
		{118B6A4A-760B-448E-BA9A-8ED702DD9F0C}.AppStore|x86.Deploy.0 = Release|x86
		{118B6A4A-760B-448E-BA9A-8ED702DD9F0C}.Debug|Any CPU.ActiveCfg = Debug|x86
		{118B6A4A-760B-448E-BA9A-8ED702DD9F0C}.Debug|ARM.ActiveCfg = Debug|ARM
		{118B6A4A-760B-448E-BA9A-8ED702DD9F0C}.Debug|ARM.Build.0 = Debug|ARM
		{118B6A4A-760B-448E-BA9A-8ED702DD9F0C}.Debug|ARM.Deploy.0 = Debug|ARM
		{118B6A4A-760B-448E-BA9A-8ED702DD9F0C}.Debug|iPhone.ActiveCfg = Debug|x86
		{118B6A4A-760B-448E-BA9A-8ED702DD9F0C}.Debug|iPhoneSimulator.ActiveCfg = Debug|x86
		{118B6A4A-760B-448E-BA9A-8ED702DD9F0C}.Debug|x64.ActiveCfg = Debug|x64
		{118B6A4A-760B-448E-BA9A-8ED702DD9F0C}.Debug|x64.Build.0 = Debug|x64
		{118B6A4A-760B-448E-BA9A-8ED702DD9F0C}.Debug|x64.Deploy.0 = Debug|x64
		{118B6A4A-760B-448E-BA9A-8ED702DD9F0C}.Debug|x86.ActiveCfg = Debug|x86
		{118B6A4A-760B-448E-BA9A-8ED702DD9F0C}.Debug|x86.Build.0 = Debug|x86
		{118B6A4A-760B-448E-BA9A-8ED702DD9F0C}.Debug|x86.Deploy.0 = Debug|x86
		{118B6A4A-760B-448E-BA9A-8ED702DD9F0C}.Release|Any CPU.ActiveCfg = Release|x86
		{118B6A4A-760B-448E-BA9A-8ED702DD9F0C}.Release|ARM.ActiveCfg = Release|ARM
		{118B6A4A-760B-448E-BA9A-8ED702DD9F0C}.Release|ARM.Build.0 = Release|ARM
		{118B6A4A-760B-448E-BA9A-8ED702DD9F0C}.Release|ARM.Deploy.0 = Release|ARM
		{118B6A4A-760B-448E-BA9A-8ED702DD9F0C}.Release|iPhone.ActiveCfg = Release|x86
		{118B6A4A-760B-448E-BA9A-8ED702DD9F0C}.Release|iPhoneSimulator.ActiveCfg = Release|x86
		{118B6A4A-760B-448E-BA9A-8ED702DD9F0C}.Release|x64.ActiveCfg = Release|x64
		{118B6A4A-760B-448E-BA9A-8ED702DD9F0C}.Release|x64.Build.0 = Release|x64
		{118B6A4A-760B-448E-BA9A-8ED702DD9F0C}.Release|x64.Deploy.0 = Release|x64
		{118B6A4A-760B-448E-BA9A-8ED702DD9F0C}.Release|x86.ActiveCfg = Release|x86
		{118B6A4A-760B-448E-BA9A-8ED702DD9F0C}.Release|x86.Build.0 = Release|x86
		{118B6A4A-760B-448E-BA9A-8ED702DD9F0C}.Release|x86.Deploy.0 = Release|x86
		{229046FC-9A16-46C1-9EA5-5117C49A1335}.Ad-Hoc|Any CPU.ActiveCfg = Ad-Hoc|iPhone
		{229046FC-9A16-46C1-9EA5-5117C49A1335}.Ad-Hoc|ARM.ActiveCfg = Ad-Hoc|iPhone
		{229046FC-9A16-46C1-9EA5-5117C49A1335}.Ad-Hoc|iPhone.ActiveCfg = Ad-Hoc|iPhone
		{229046FC-9A16-46C1-9EA5-5117C49A1335}.Ad-Hoc|iPhone.Build.0 = Ad-Hoc|iPhone
		{229046FC-9A16-46C1-9EA5-5117C49A1335}.Ad-Hoc|iPhoneSimulator.ActiveCfg = Ad-Hoc|iPhoneSimulator
		{229046FC-9A16-46C1-9EA5-5117C49A1335}.Ad-Hoc|iPhoneSimulator.Build.0 = Ad-Hoc|iPhoneSimulator
		{229046FC-9A16-46C1-9EA5-5117C49A1335}.Ad-Hoc|x64.ActiveCfg = Ad-Hoc|iPhone
		{229046FC-9A16-46C1-9EA5-5117C49A1335}.Ad-Hoc|x86.ActiveCfg = Ad-Hoc|iPhone
		{229046FC-9A16-46C1-9EA5-5117C49A1335}.AppStore|Any CPU.ActiveCfg = AppStore|iPhone
		{229046FC-9A16-46C1-9EA5-5117C49A1335}.AppStore|ARM.ActiveCfg = AppStore|iPhone
		{229046FC-9A16-46C1-9EA5-5117C49A1335}.AppStore|iPhone.ActiveCfg = AppStore|iPhone
		{229046FC-9A16-46C1-9EA5-5117C49A1335}.AppStore|iPhone.Build.0 = AppStore|iPhone
		{229046FC-9A16-46C1-9EA5-5117C49A1335}.AppStore|iPhoneSimulator.ActiveCfg = AppStore|iPhoneSimulator
		{229046FC-9A16-46C1-9EA5-5117C49A1335}.AppStore|iPhoneSimulator.Build.0 = AppStore|iPhoneSimulator
		{229046FC-9A16-46C1-9EA5-5117C49A1335}.AppStore|x64.ActiveCfg = AppStore|iPhone
		{229046FC-9A16-46C1-9EA5-5117C49A1335}.AppStore|x86.ActiveCfg = AppStore|iPhone
		{229046FC-9A16-46C1-9EA5-5117C49A1335}.Debug|Any CPU.ActiveCfg = Debug|iPhone
		{229046FC-9A16-46C1-9EA5-5117C49A1335}.Debug|ARM.ActiveCfg = Debug|iPhone
		{229046FC-9A16-46C1-9EA5-5117C49A1335}.Debug|iPhone.ActiveCfg = Debug|iPhone
		{229046FC-9A16-46C1-9EA5-5117C49A1335}.Debug|iPhone.Build.0 = Debug|iPhone
		{229046FC-9A16-46C1-9EA5-5117C49A1335}.Debug|iPhoneSimulator.ActiveCfg = Debug|iPhoneSimulator
		{229046FC-9A16-46C1-9EA5-5117C49A1335}.Debug|iPhoneSimulator.Build.0 = Debug|iPhoneSimulator
		{229046FC-9A16-46C1-9EA5-5117C49A1335}.Debug|x64.ActiveCfg = Debug|iPhone
		{229046FC-9A16-46C1-9EA5-5117C49A1335}.Debug|x86.ActiveCfg = Debug|iPhone
		{229046FC-9A16-46C1-9EA5-5117C49A1335}.Release|Any CPU.ActiveCfg = Release|iPhone
		{229046FC-9A16-46C1-9EA5-5117C49A1335}.Release|ARM.ActiveCfg = Release|iPhone
		{229046FC-9A16-46C1-9EA5-5117C49A1335}.Release|iPhone.ActiveCfg = Release|iPhone
		{229046FC-9A16-46C1-9EA5-5117C49A1335}.Release|iPhone.Build.0 = Release|iPhone
		{229046FC-9A16-46C1-9EA5-5117C49A1335}.Release|iPhoneSimulator.ActiveCfg = Release|iPhoneSimulator
		{229046FC-9A16-46C1-9EA5-5117C49A1335}.Release|iPhoneSimulator.Build.0 = Release|iPhoneSimulator
		{229046FC-9A16-46C1-9EA5-5117C49A1335}.Release|x64.ActiveCfg = Release|iPhone
		{229046FC-9A16-46C1-9EA5-5117C49A1335}.Release|x86.ActiveCfg = Release|iPhone
	EndGlobalSection
	GlobalSection(SolutionProperties) = preSolution
		HideSolutionNode = FALSE
	EndGlobalSection
EndGlobal
